
Microsoft Visual Studio Solution File, Format Version 12.00
# Visual Studio Version 17
VisualStudioVersion = 17.7.34221.43
MinimumVisualStudioVersion = 10.0.40219.1
Project("{FAE04EC0-301F-11D3-BF4B-00C04F79EFBC}") = "ClientManager.DAL", "ClientManager.DAL\ClientManager.DAL.csproj", "{DBEB8598-AF89-424C-AB8A-354DFA7579AA}"
EndProject
Project("{FAE04EC0-301F-11D3-BF4B-00C04F79EFBC}") = "ClientManager.Api", "ClientManager.Api\ClientManager.Api.csproj", "{9FDF168A-AD82-4731-B6BC-0C5069B03D0E}"
EndProject
Global
	GlobalSection(SolutionConfigurationPlatforms) = preSolution
		Debug|Any CPU = Debug|Any CPU
		Release|Any CPU = Release|Any CPU
	EndGlobalSection
	GlobalSection(ProjectConfigurationPlatforms) = postSolution
		{DBEB8598-AF89-424C-AB8A-354DFA7579AA}.Debug|Any CPU.ActiveCfg = Debug|Any CPU
		{DBEB8598-AF89-424C-AB8A-354DFA7579AA}.Debug|Any CPU.Build.0 = Debug|Any CPU
		{DBEB8598-AF89-424C-AB8A-354DFA7579AA}.Release|Any CPU.ActiveCfg = Release|Any CPU
		{DBEB8598-AF89-424C-AB8A-354DFA7579AA}.Release|Any CPU.Build.0 = Release|Any CPU
		{9FDF168A-AD82-4731-B6BC-0C5069B03D0E}.Debug|Any CPU.ActiveCfg = Debug|Any CPU
		{9FDF168A-AD82-4731-B6BC-0C5069B03D0E}.Debug|Any CPU.Build.0 = Debug|Any CPU
		{9FDF168A-AD82-4731-B6BC-0C5069B03D0E}.Release|Any CPU.ActiveCfg = Release|Any CPU
		{9FDF168A-AD82-4731-B6BC-0C5069B03D0E}.Release|Any CPU.Build.0 = Release|Any CPU
	EndGlobalSection
	GlobalSection(SolutionProperties) = preSolution
		HideSolutionNode = FALSE
	EndGlobalSection
	GlobalSection(ExtensibilityGlobals) = postSolution
		SolutionGuid = {99FC4617-738C-4371-9CFD-7C5042F1B0A3}
	EndGlobalSection
EndGlobal
